Microsoft Visual Studio Solution File, Format Version 11.00
# Visual Studio 2010
Project("{FAE04EC0-301F-11D3-BF4B-00C04F79EFBC}") = "Assembly-CSharp", "Assembly-CSharp.csproj", "{5E52A5D3-57F5-5D41-7E24-9A4C7417E706}"
EndProject
Project("{FAE04EC0-301F-11D3-BF4B-00C04F79EFBC}") = "Assembly-CSharp-Editor", "Assembly-CSharp-Editor.csproj", "{C9616174-3507-522A-DE90-4E3517D90A37}"
EndProject
Project("{FAE04EC0-301F-11D3-BF4B-00C04F79EFBC}") = "Assembly-CSharp-Editor-firstpass", "Assembly-CSharp-Editor-firstpass.csproj", "{69A44B48-D3D4-EAE3-D2BC-1FF2E913643E}"
EndProject
Global
	GlobalSection(SolutionConfigurationPlatforms) = preSolution
		Debug|Any CPU = Debug|Any CPU
		Release|Any CPU = Release|Any CPU
	EndGlobalSection
	GlobalSection(ProjectConfigurationPlatforms) = postSolution
		{5E52A5D3-57F5-5D41-7E24-9A4C7417E706}.Debug|Any CPU.ActiveCfg = Debug|Any CPU
		{5E52A5D3-57F5-5D41-7E24-9A4C7417E706}.Debug|Any CPU.Build.0 = Debug|Any CPU
		{5E52A5D3-57F5-5D41-7E24-9A4C7417E706}.Release|Any CPU.ActiveCfg = Release|Any CPU
		{5E52A5D3-57F5-5D41-7E24-9A4C7417E706}.Release|Any CPU.Build.0 = Release|Any CPU
		{C9616174-3507-522A-DE90-4E3517D90A37}.Debug|Any CPU.ActiveCfg = Debug|Any CPU
		{C9616174-3507-522A-DE90-4E3517D90A37}.Debug|Any CPU.Build.0 = Debug|Any CPU
		{C9616174-3507-522A-DE90-4E3517D90A37}.Release|Any CPU.ActiveCfg = Release|Any CPU
		{C9616174-3507-522A-DE90-4E3517D90A37}.Release|Any CPU.Build.0 = Release|Any CPU
		{69A44B48-D3D4-EAE3-D2BC-1FF2E913643E}.Debug|Any CPU.ActiveCfg = Debug|Any CPU
		{69A44B48-D3D4-EAE3-D2BC-1FF2E913643E}.Debug|Any CPU.Build.0 = Debug|Any CPU
		{69A44B48-D3D4-EAE3-D2BC-1FF2E913643E}.Release|Any CPU.ActiveCfg = Release|Any CPU
		{69A44B48-D3D4-EAE3-D2BC-1FF2E913643E}.Release|Any CPU.Build.0 = Release|Any CPU
	EndGlobalSection
	GlobalSection(SolutionProperties) = preSolution
		HideSolutionNode = FALSE
	EndGlobalSection
	GlobalSection(MonoDevelopProperties) = preSolution
		StartupItem = Assembly-CSharp.csproj
	EndGlobalSection
EndGlobal
